
Microsoft Visual Studio Solution File, Format Version 12.00
# Visual Studio Version 16
VisualStudioVersion = 16.0.28922.388
MinimumVisualStudioVersion = 10.0.40219.1
Project("{FAE04EC0-301F-11D3-BF4B-00C04F79EFBC}") = "TextGame", "TextGame\TextGame.csproj", "{B5BDAC78-FB75-4838-B63F-5353F184B817}"
EndProject
Global
	GlobalSection(SolutionConfigurationPlatforms) = preSolution
		Debug|Any CPU = Debug|Any CPU
		Release|Any CPU = Release|Any CPU
	EndGlobalSection
	GlobalSection(ProjectConfigurationPlatforms) = postSolution
		{B5BDAC78-FB75-4838-B63F-5353F184B817}.Debug|Any CPU.ActiveCfg = Debug|Any CPU
		{B5BDAC78-FB75-4838-B63F-5353F184B817}.Debug|Any CPU.Build.0 = Debug|Any CPU
		{B5BDAC78-FB75-4838-B63F-5353F184B817}.Release|Any CPU.ActiveCfg = Release|Any CPU
		{B5BDAC78-FB75-4838-B63F-5353F184B817}.Release|Any CPU.Build.0 = Release|Any CPU
	EndGlobalSection
	GlobalSection(SolutionProperties) = preSolution
		HideSolutionNode = FALSE
	EndGlobalSection
	GlobalSection(ExtensibilityGlobals) = postSolution
		SolutionGuid = {4A7FB5E9-D743-4EC9-A23B-7A6B27652E1A}
	EndGlobalSection
EndGlobal
